
Microsoft Visual Studio Solution File, Format Version 12.00
# Visual Studio 2013
VisualStudioVersion = 12.0.30110.0
MinimumVisualStudioVersion = 10.0.40219.1
Project("{FAE04EC0-301F-11D3-BF4B-00C04F79EFBC}") = "Excalibur.Core", "Excalibur.Core.csproj", "{1DF7CFCA-A048-417C-84E7-4D1CC6A3FD77}"
EndProject
Project("{FAE04EC0-301F-11D3-BF4B-00C04F79EFBC}") = "Excalibur.Tests", "Excalibur.Tests.csproj", "{3F3D99B4-B7E2-412D-AC02-37FF4A3844C0}"
EndProject
Project("{FAE04EC0-301F-11D3-BF4B-00C04F79EFBC}") = "Excalibur.Samples", "Excalibur.Samples.csproj", "{8215CF44-EFC4-4295-9E56-4354DCE0FF37}"
EndProject
Global
	GlobalSection(SolutionConfigurationPlatforms) = preSolution
		Debug|Any CPU = Debug|Any CPU
		Release|Any CPU = Release|Any CPU
	EndGlobalSection
	GlobalSection(ProjectConfigurationPlatforms) = postSolution
		{1DF7CFCA-A048-417C-84E7-4D1CC6A3FD77}.Debug|Any CPU.ActiveCfg = Debug|Any CPU
		{1DF7CFCA-A048-417C-84E7-4D1CC6A3FD77}.Debug|Any CPU.Build.0 = Debug|Any CPU
		{1DF7CFCA-A048-417C-84E7-4D1CC6A3FD77}.Release|Any CPU.ActiveCfg = Release|Any CPU
		{1DF7CFCA-A048-417C-84E7-4D1CC6A3FD77}.Release|Any CPU.Build.0 = Release|Any CPU
		{3F3D99B4-B7E2-412D-AC02-37FF4A3844C0}.Debug|Any CPU.ActiveCfg = Debug|Any CPU
		{3F3D99B4-B7E2-412D-AC02-37FF4A3844C0}.Debug|Any CPU.Build.0 = Debug|Any CPU
		{3F3D99B4-B7E2-412D-AC02-37FF4A3844C0}.Release|Any CPU.ActiveCfg = Release|Any CPU
		{3F3D99B4-B7E2-412D-AC02-37FF4A3844C0}.Release|Any CPU.Build.0 = Release|Any CPU
		{8215CF44-EFC4-4295-9E56-4354DCE0FF37}.Debug|Any CPU.ActiveCfg = Debug|Any CPU
		{8215CF44-EFC4-4295-9E56-4354DCE0FF37}.Debug|Any CPU.Build.0 = Debug|Any CPU
		{8215CF44-EFC4-4295-9E56-4354DCE0FF37}.Release|Any CPU.ActiveCfg = Release|Any CPU
		{8215CF44-EFC4-4295-9E56-4354DCE0FF37}.Release|Any CPU.Build.0 = Release|Any CPU
	EndGlobalSection
	GlobalSection(SolutionProperties) = preSolution
		HideSolutionNode = FALSE
	EndGlobalSection
EndGlobal
